
Microsoft Visual Studio Solution File, Format Version 12.00
# Visual Studio 15
VisualStudioVersion = 15.0.28307.572
MinimumVisualStudioVersion = 10.0.40219.1
Project("{2150E333-8FDC-42A3-9474-1A3956D46DE8}") = "misc", "misc", "{0080EF1F-A652-4498-BE59-F3FFFB3F33B2}"
	ProjectSection(SolutionItems) = preProject
		.gitignore = .gitignore
		LICENSE = LICENSE
		README.md = README.md
	EndProjectSection
EndProject
Project("{9A19103F-16F7-4668-BE54-9A1E7A4F7556}") = "magic.lambda.math", "magic.lambda.math\magic.lambda.math.csproj", "{FA4C3F38-1714-4A78-8706-97C4F9FC5A4D}"
EndProject
Project("{9A19103F-16F7-4668-BE54-9A1E7A4F7556}") = "magic.lambda.math.tests", "magic.lambda.math.tests\magic.lambda.math.tests.csproj", "{2D1E79B1-0B49-4EFA-9A78-B25DEE4488DF}"
EndProject
Global
	GlobalSection(SolutionConfigurationPlatforms) = preSolution
		Debug|Any CPU = Debug|Any CPU
		Release|Any CPU = Release|Any CPU
	EndGlobalSection
	GlobalSection(ProjectConfigurationPlatforms) = postSolution
		{FA4C3F38-1714-4A78-8706-97C4F9FC5A4D}.Debug|Any CPU.ActiveCfg = Debug|Any CPU
		{FA4C3F38-1714-4A78-8706-97C4F9FC5A4D}.Debug|Any CPU.Build.0 = Debug|Any CPU
		{FA4C3F38-1714-4A78-8706-97C4F9FC5A4D}.Release|Any CPU.ActiveCfg = Release|Any CPU
		{FA4C3F38-1714-4A78-8706-97C4F9FC5A4D}.Release|Any CPU.Build.0 = Release|Any CPU
		{2D1E79B1-0B49-4EFA-9A78-B25DEE4488DF}.Debug|Any CPU.ActiveCfg = Debug|Any CPU
		{2D1E79B1-0B49-4EFA-9A78-B25DEE4488DF}.Debug|Any CPU.Build.0 = Debug|Any CPU
		{2D1E79B1-0B49-4EFA-9A78-B25DEE4488DF}.Release|Any CPU.ActiveCfg = Release|Any CPU
		{2D1E79B1-0B49-4EFA-9A78-B25DEE4488DF}.Release|Any CPU.Build.0 = Release|Any CPU
	EndGlobalSection
	GlobalSection(SolutionProperties) = preSolution
		HideSolutionNode = FALSE
	EndGlobalSection
	GlobalSection(ExtensibilityGlobals) = postSolution
		SolutionGuid = {D868215A-5EA3-43D4-A446-8A0D68EA85B9}
	EndGlobalSection
EndGlobal
